
Microsoft Visual Studio Solution File, Format Version 12.00
# Visual Studio Version 16
VisualStudioVersion = 16.0.30804.86
MinimumVisualStudioVersion = 10.0.40219.1
Project("{FAE04EC0-301F-11D3-BF4B-00C04F79EFBC}") = "Assignment8-VotingSystem", "Assignment8-VotingSystem.csproj", "{6146CD8F-49C7-4620-85E5-F410702533FB}"
EndProject
Global
	GlobalSection(SolutionConfigurationPlatforms) = preSolution
		Debug|Any CPU = Debug|Any CPU
		Release|Any CPU = Release|Any CPU
	EndGlobalSection
	GlobalSection(ProjectConfigurationPlatforms) = postSolution
		{6146CD8F-49C7-4620-85E5-F410702533FB}.Debug|Any CPU.ActiveCfg = Debug|Any CPU
		{6146CD8F-49C7-4620-85E5-F410702533FB}.Debug|Any CPU.Build.0 = Debug|Any CPU
		{6146CD8F-49C7-4620-85E5-F410702533FB}.Release|Any CPU.ActiveCfg = Release|Any CPU
		{6146CD8F-49C7-4620-85E5-F410702533FB}.Release|Any CPU.Build.0 = Release|Any CPU
	EndGlobalSection
	GlobalSection(SolutionProperties) = preSolution
		HideSolutionNode = FALSE
	EndGlobalSection
	GlobalSection(ExtensibilityGlobals) = postSolution
		SolutionGuid = {9E192C12-4FC1-40B5-BE68-985BEE3E366D}
	EndGlobalSection
EndGlobal
